// !$*UTF8*$!
{
	archiveVersion = 1;
	classes = {
	};
	objectVersion = 50;
	objects = {

/* Begin PBXBuildFile section */
		8DD68B93233AF15800F1BD29 /* AppDelegate.swift in Sources */ = {isa = PBXBuildFile; fileRef = 8DD68B92233AF15800F1BD29 /* AppDelegate.swift */; };
		8DD68B95233AF15800F1BD29 /* SceneDelegate.swift in Sources */ = {isa = PBXBuildFile; fileRef = 8DD68B94233AF15800F1BD29 /* SceneDelegate.swift */; };
		8DD68B97233AF15800F1BD29 /* ViewController.swift in Sources */ = {isa = PBXBuildFile; fileRef = 8DD68B96233AF15800F1BD29 /* ViewController.swift */; };
		8DD68B9A233AF15800F1BD29 /* Main.storyboard in Resources */ = {isa = PBXBuildFile; fileRef = 8DD68B98233AF15800F1BD29 /* Main.storyboard */; };
		8DD68B9C233AF15A00F1BD29 /* Assets.xcassets in Resources */ = {isa = PBXBuildFile; fileRef = 8DD68B9B233AF15A00F1BD29 /* Assets.xcassets */; };
		8DD68B9F233AF15A00F1BD29 /* LaunchScreen.storyboard in Resources */ = {isa = PBXBuildFile; fileRef = 8DD68B9D233AF15A00F1BD29 /* LaunchScreen.storyboard */; };
/* End PBXBuildFile section */

/* Begin PBXFileReference section */
		8DD68B8F233AF15700F1BD29 /* WhereIsISS.app */ = {isa = PBXFileReference; explicitFileType = wrapper.application; includeInIndex = 0; path = WhereIsISS.app; sourceTree = BUILT_PRODUCTS_DIR; };
		8DD68B92233AF15800F1BD29 /* AppDelegate.swift */ = {isa = PBXFileReference; lastKnownFileType = sourcecode.swift; path = AppDelegate.swift; sourceTree = "<group>"; };
		8DD68B94233AF15800F1BD29 /* SceneDelegate.swift */ = {isa = PBXFileReference; lastKnownFileType = sourcecode.swift; path = SceneDelegate.swift; sourceTree = "<group>"; };
		8DD68B96233AF15800F1BD29 /* ViewController.swift */ = {isa = PBXFileReference; lastKnownFileType = sourcecode.swift; path = ViewController.swift; sourceTree = "<group>"; };
		8DD68B99233AF15800F1BD29 /* Base */ = {isa = PBXFileReference; lastKnownFileType = file.storyboard; name = Base; path = Base.lproj/Main.storyboard; sourceTree = "<group>"; };
		8DD68B9B233AF15A00F1BD29 /* Assets.xcassets */ = {isa = PBXFileReference; lastKnownFileType = folder.assetcatalog; path = Assets.xcassets; sourceTree = "<group>"; };
		8DD68B9E233AF15A00F1BD29 /* Base */ = {isa = PBXFileReference; lastKnownFileType = file.storyboard; name = Base; path = Base.lproj/LaunchScreen.storyboard; sourceTree = "<group>"; };
		8DD68BA0233AF15A00F1BD29 /* Info.plist */ = {isa = PBXFileReference; lastKnownFileType = text.plist.xml; path = Info.plist; sourceTree = "<group>"; };
/* End PBXFileReference section */

/* Begin PBXFrameworksBuildPhase section */
		8DD68B8C233AF15700F1BD29 /* Frameworks */ = {
			isa = PBXFrameworksBuildPhase;
			buildActionMask = 2147483647;
			files = (
			);
			runOnlyForDeploymentPostprocessing = 0;
		};
/* End PBXFrameworksBuildPhase section */

/* Begin PBXGroup section */
		8DD68B86233AF15700F1BD29 = {
			isa = PBXGroup;
			children = (
				8DD68B91233AF15800F1BD29 /* WhereIsISS */,
				8DD68B90233AF15700F1BD29 /* Products */,
			);
			sourceTree = "<group>";
		};
		8DD68B90233AF15700F1BD29 /* Products */ = {
			isa = PBXGroup;
			children = (
				8DD68B8F233AF15700F1BD29 /* WhereIsISS.app */,
			);
			name = Products;
			sourceTree = "<group>";
		};
		8DD68B91233AF15800F1BD29 /* WhereIsISS */ = {
			isa = PBXGroup;
			children = (
				8DD68B92233AF15800F1BD29 /* AppDelegate.swift */,
				8DD68B94233AF15800F1BD29 /* SceneDelegate.swift */,
				8DD68B96233AF15800F1BD29 /* ViewController.swift */,
				8DD68B98233AF15800F1BD29 /* Main.storyboard */,
				8DD68B9B233AF15A00F1BD29 /* Assets.xcassets */,
				8DD68B9D233AF15A00F1BD29 /* LaunchScreen.storyboard */,
				8DD68BA0233AF15A00F1BD29 /* Info.plist */,
			);
			path = WhereIsISS;
			sourceTree = "<group>";
		};
/* End PBXGroup section */

/* Begin PBXNativeTarget section */
		8DD68B8E233AF15700F1BD29 /* WhereIsISS */ = {
			isa = PBXNativeTarget;
			buildConfigurationList = 8DD68BA3233AF15A00F1BD29 /* Build configuration list for PBXNativeTarget "WhereIsISS" */;
			buildPhases = (
				8DD68B8B233AF15700F1BD29 /* Sources */,
				8DD68B8C233AF15700F1BD29 /* Frameworks */,
				8DD68B8D233AF15700F1BD29 /* Resources */,
			);
			buildRules = (
			);
			dependencies = (
			);
			name = WhereIsISS;
			productName = WhereIsISS;
			productReference = 8DD68B8F233AF15700F1BD29 /* WhereIsISS.app */;
			productType = "com.apple.product-type.application";
		};
/* End PBXNativeTarget section */

/* Begin PBXProject section */
		8DD68B87233AF15700F1BD29 /* Project object */ = {
			isa = PBXProject;
			attributes = {
				LastSwiftUpdateCheck = 1100;
				LastUpgradeCheck = 1100;
				ORGANIZATIONNAME = Mike;
				TargetAttributes = {
					8DD68B8E233AF15700F1BD29 = {
						CreatedOnToolsVersion = 11.0;
					};
				};
			};
			buildConfigurationList = 8DD68B8A233AF15700F1BD29 /* Build configuration list for PBXProject "WhereIsISS" */;
			compatibilityVersion = "Xcode 9.3";
			developmentRegion = en;
			hasScannedForEncodings = 0;
			knownRegions = (
				en,
				Base,
			);
			mainGroup = 8DD68B86233AF15700F1BD29;
			productRefGroup = 8DD68B90233AF15700F1BD29 /* Products */;
			projectDirPath = "";
			projectRoot = "";
			targets = (
				8DD68B8E233AF15700F1BD29 /* WhereIsISS */,
			);
		};
/* End PBXProject section */

/* Begin PBXResourcesBuildPhase section */
		8DD68B8D233AF15700F1BD29 /* Resources */ = {
			isa = PBXResourcesBuildPhase;
			buildActionMask = 2147483647;
			files = (
				8DD68B9F233AF15A00F1BD29 /* LaunchScreen.storyboard in Resources */,
				8DD68B9C233AF15A00F1BD29 /* Assets.xcassets in Resources */,
				8DD68B9A233AF15800F1BD29 /* Main.storyboard in Resources */,
			);
			runOnlyForDeploymentPostprocessing = 0;
		};
/* End PBXResourcesBuildPhase section */

/* Begin PBXSourcesBuildPhase section */
		8DD68B8B233AF15700F1BD29 /* Sources */ = {
			isa = PBXSourcesBuildPhase;
			buildActionMask = 2147483647;
			files = (
				8DD68B97233AF15800F1BD29 /* ViewController.swift in Sources */,
				8DD68B93233AF15800F1BD29 /* AppDelegate.swift in Sources */,
				8DD68B95233AF15800F1BD29 /* SceneDelegate.swift in Sources */,
			);
			runOnlyForDeploymentPostprocessing = 0;
		};
/* End PBXSourcesBuildPhase section */

/* Begin PBXVariantGroup section */
		8DD68B98233AF15800F1BD29 /* Main.storyboard */ = {
			isa = PBXVariantGroup;
			children = (
				8DD68B99233AF15800F1BD29 /* Base */,
			);
			name = Main.storyboard;
			sourceTree = "<group>";
		};
		8DD68B9D233AF15A00F1BD29 /* LaunchScreen.storyboard */ = {
			isa = PBXVariantGroup;
			children = (
				8DD68B9E233AF15A00F1BD29 /* Base */,
			);
			name = LaunchScreen.storyboard;
			sourceTree = "<group>";
		};
/* End PBXVariantGroup section */

/* Begin XCBuildConfiguration section */
		8DD68BA1233AF15A00F1BD29 /* Debug */ = {
			isa = XCBuildConfiguration;
			buildSettings = {
				ALWAYS_SEARCH_USER_PATHS = NO;
				CLANG_ANALYZER_NONNULL = YES;
				CLANG_ANALYZER_NUMBER_OBJECT_CONVERSION = YES_AGGRESSIVE;
				CLANG_CXX_LANGUAGE_STANDARD = "gnu++14";
				CLANG_CXX_LIBRARY = "libc++";
				CLANG_ENABLE_MODULES = YES;
				CLANG_ENABLE_OBJC_ARC = YES;
				CLANG_ENABLE_OBJC_WEAK = YES;
				CLANG_WARN_BLOCK_CAPTURE_AUTORELEASING = YES;
				CLANG_WARN_BOOL_CONVERSION = YES;
				CLANG_WARN_COMMA = YES;
				CLANG_WARN_CONSTANT_CONVERSION = YES;
				CLANG_WARN_DEPRECATED_OBJC_IMPLEMENTATIONS = YES;
				CLANG_WARN_DIRECT_OBJC_ISA_USAGE = YES_ERROR;
				CLANG_WARN_DOCUMENTATION_COMMENTS = YES;
				CLANG_WARN_EMPTY_BODY = YES;
				CLANG_WARN_ENUM_CONVERSION = YES;
				CLANG_WARN_INFINITE_RECURSION = YES;
				CLANG_WARN_INT_CONVERSION = YES;
				CLANG_WARN_NON_LITERAL_NULL_CONVERSION = YES;
				CLANG_WARN_OBJC_IMPLICIT_RETAIN_SELF = YES;
				CLANG_WARN_OBJC_LITERAL_CONVERSION = YES;
				CLANG_WARN_OBJC_ROOT_CLASS = YES_ERROR;
				CLANG_WARN_RANGE_LOOP_ANALYSIS = YES;
				CLANG_WARN_STRICT_PROTOTYPES = YES;
				CLANG_WARN_SUSPICIOUS_MOVE = YES;
				CLANG_WARN_UNGUARDED_AVAILABILITY = YES_AGGRESSIVE;
				CLANG_WARN_UNREACHABLE_CODE = YES;
				CLANG_WARN__DUPLICATE_METHOD_MATCH = YES;
				COPY_PHASE_STRIP = NO;
				DEBUG_INFORMATION_FORMAT = dwarf;
				ENABLE_STRICT_OBJC_MSGSEND = YES;
				ENABLE_TESTABILITY = YES;
				GCC_C_LANGUAGE_STANDARD = gnu11;
				GCC_DYNAMIC_NO_PIC = NO;
				GCC_NO_COMMON_BLOCKS = YES;
				GCC_OPTIMIZATION_LEVEL = 0;
				GCC_PREPROCESSOR_DEFINITIONS = (
					"DEBUG=1",
					"$(inherited)",
				);
				GCC_WARN_64_TO_32_BIT_CONVERSION = YES;
				GCC_WARN_ABOUT_RETURN_TYPE = YES_ERROR;
				GCC_WARN_UNDECLARED_SELECTOR = YES;
				GCC_WARN_UNINITIALIZED_AUTOS = YES_AGGRESSIVE;
				GCC_WARN_UNUSED_FUNCTION = YES;
				GCC_WARN_UNUSED_VARIABLE = YES;
				IPHONEOS_DEPLOYMENT_TARGET = 13.0;
				MTL_ENABLE_DEBUG_INFO = INCLUDE_SOURCE;
				MTL_FAST_MATH = YES;
				ONLY_ACTIVE_ARCH = YES;
				SDKROOT = iphoneos;
				SWIFT_ACTIVE_COMPILATION_CONDITIONS = DEBUG;
				SWIFT_OPTIMIZATION_LEVEL = "-Onone";
			};
			name = Debug;
		};
		8DD68BA2233AF15A00F1BD29 /* Release */ = {
			isa = XCBuildConfiguration;
			buildSettings = {
				ALWAYS_SEARCH_USER_PATHS = NO;
				CLANG_ANALYZER_NONNULL = YES;
				CLANG_ANALYZER_NUMBER_OBJECT_CONVERSION = YES_AGGRESSIVE;
				CLANG_CXX_LANGUAGE_STANDARD = "gnu++14";
				CLANG_CXX_LIBRARY = "libc++";
				CLANG_ENABLE_MODULES = YES;
				CLANG_ENABLE_OBJC_ARC = YES;
				CLANG_ENABLE_OBJC_WEAK = YES;
				CLANG_WARN_BLOCK_CAPTURE_AUTORELEASING = YES;
				CLANG_WARN_BOOL_CONVERSION = YES;
				CLANG_WARN_COMMA = YES;
				CLANG_WARN_CONSTANT_CONVERSION = YES;
				CLANG_WARN_DEPRECATED_OBJC_IMPLEMENTATIONS = YES;
				CLANG_WARN_DIRECT_OBJC_ISA_USAGE = YES_ERROR;
				CLANG_WARN_DOCUMENTATION_COMMENTS = YES;
				CLANG_WARN_EMPTY_BODY = YES;
				CLANG_WARN_ENUM_CONVERSION = YES;
				CLANG_WARN_INFINITE_RECURSION = YES;
				CLANG_WARN_INT_CONVERSION = YES;
				CLANG_WARN_NON_LITERAL_NULL_CONVERSION = YES;
				CLANG_WARN_OBJC_IMPLICIT_RETAIN_SELF = YES;
				CLANG_WARN_OBJC_LITERAL_CONVERSION = YES;
				CLANG_WARN_OBJC_ROOT_CLASS = YES_ERROR;
				CLANG_WARN_RANGE_LOOP_ANALYSIS = YES;
				CLANG_WARN_STRICT_PROTOTYPES = YES;
				CLANG_WARN_SUSPICIOUS_MOVE = YES;
				CLANG_WARN_UNGUARDED_AVAILABILITY = YES_AGGRESSIVE;
				CLANG_WARN_UNREACHABLE_CODE = YES;
				CLANG_WARN__DUPLICATE_METHOD_MATCH = YES;
				COPY_PHASE_STRIP = NO;
				DEBUG_INFORMATION_FORMAT = "dwarf-with-dsym";
				ENABLE_NS_ASSERTIONS = NO;
				ENABLE_STRICT_OBJC_MSGSEND = YES;
				GCC_C_LANGUAGE_STANDARD = gnu11;
				GCC_NO_COMMON_BLOCKS = YES;
				GCC_WARN_64_TO_32_BIT_CONVERSION = YES;
				GCC_WARN_ABOUT_RETURN_TYPE = YES_ERROR;
				GCC_WARN_UNDECLARED_SELECTOR = YES;
				GCC_WARN_UNINITIALIZED_AUTOS = YES_AGGRESSIVE;
				GCC_WARN_UNUSED_FUNCTION = YES;
				GCC_WARN_UNUSED_VARIABLE = YES;
				IPHONEOS_DEPLOYMENT_TARGET = 13.0;
				MTL_ENABLE_DEBUG_INFO = NO;
				MTL_FAST_MATH = YES;
				SDKROOT = iphoneos;
				SWIFT_COMPILATION_MODE = wholemodule;
				SWIFT_OPTIMIZATION_LEVEL = "-O";
				VALIDATE_PRODUCT = YES;
			};
			name = Release;
		};
		8DD68BA4233AF15A00F1BD29 /* Debug */ = {
			isa = XCBuildConfiguration;
			buildSettings = {
				ASSETCATALOG_COMPILER_APPICON_NAME = AppIcon;
				CODE_SIGN_STYLE = Automatic;
				DEVELOPMENT_TEAM = A56D86G827;
				INFOPLIST_FILE = WhereIsISS/Info.plist;
				LD_RUNPATH_SEARCH_PATHS = (
					"$(inherited)",
					"@executable_path/Frameworks",
				);
				PRODUCT_BUNDLE_IDENTIFIER = com.mikekavouras.WhereIsISS;
				PRODUCT_NAME = "$(TARGET_NAME)";
				SWIFT_VERSION = 5.0;
				TARGETED_DEVICE_FAMILY = "1,2";
			};
			name = Debug;
		};
		8DD68BA5233AF15A00F1BD29 /* Release */ = {
			isa = XCBuildConfiguration;
			buildSettings = {
				ASSETCATALOG_COMPILER_APPICON_NAME = AppIcon;
				CODE_SIGN_STYLE = Automatic;
				DEVELOPMENT_TEAM = A56D86G827;
				INFOPLIST_FILE = WhereIsISS/Info.plist;
				LD_RUNPATH_SEARCH_PATHS = (
					"$(inherited)",
					"@executable_path/Frameworks",
				);
				PRODUCT_BUNDLE_IDENTIFIER = com.mikekavouras.WhereIsISS;
				PRODUCT_NAME = "$(TARGET_NAME)";
				SWIFT_VERSION = 5.0;
				TARGETED_DEVICE_FAMILY = "1,2";
			};
			name = Release;
		};
/* End XCBuildConfiguration section */

/* Begin XCConfigurationList section */
		8DD68B8A233AF15700F1BD29 /* Build configuration list for PBXProject "WhereIsISS" */ = {
			isa = XCConfigurationList;
			buildConfigurations = (
				8DD68BA1233AF15A00F1BD29 /* Debug */,
				8DD68BA2233AF15A00F1BD29 /* Release */,
			);
			defaultConfigurationIsVisible = 0;
			defaultConfigurationName = Release;
		};
		8DD68BA3233AF15A00F1BD29 /* Build configuration list for PBXNativeTarget "WhereIsISS" */ = {
			isa = XCConfigurationList;
			buildConfigurations = (
				8DD68BA4233AF15A00F1BD29 /* Debug */,
				8DD68BA5233AF15A00F1BD29 /* Release */,
			);
			defaultConfigurationIsVisible = 0;
			defaultConfigurationName = Release;
		};
/* End XCConfigurationList section */
	};
	rootObject = 8DD68B87233AF15700F1BD29 /* Project object */;
}
